
Microsoft Visual Studio Solution File, Format Version 12.00
# Visual Studio Version 17
VisualStudioVersion = 17.4.33122.133
MinimumVisualStudioVersion = 10.0.40219.1
Project("{FAE04EC0-301F-11D3-BF4B-00C04F79EFBC}") = "ZI_17844", "ZI_17844\ZI_17844.csproj", "{0EBB42B5-D6E3-4C35-8883-A377EECEC004}"
EndProject
Global
	GlobalSection(SolutionConfigurationPlatforms) = preSolution
		Debug|Any CPU = Debug|Any CPU
		Release|Any CPU = Release|Any CPU
	EndGlobalSection
	GlobalSection(ProjectConfigurationPlatforms) = postSolution
		{0EBB42B5-D6E3-4C35-8883-A377EECEC004}.Debug|Any CPU.ActiveCfg = Debug|Any CPU
		{0EBB42B5-D6E3-4C35-8883-A377EECEC004}.Debug|Any CPU.Build.0 = Debug|Any CPU
		{0EBB42B5-D6E3-4C35-8883-A377EECEC004}.Release|Any CPU.ActiveCfg = Release|Any CPU
		{0EBB42B5-D6E3-4C35-8883-A377EECEC004}.Release|Any CPU.Build.0 = Release|Any CPU
	EndGlobalSection
	GlobalSection(SolutionProperties) = preSolution
		HideSolutionNode = FALSE
	EndGlobalSection
	GlobalSection(ExtensibilityGlobals) = postSolution
		SolutionGuid = {00964850-AC60-4B21-8DF6-96569389EEB4}
	EndGlobalSection
EndGlobal
